
Microsoft Visual Studio Solution File, Format Version 12.00
Project("{2150E333-8FDC-42A3-9474-1A3956D46DE8}") = "CustomerManagementAPI", "CustomerManagementAPI", "{F9C717A0-CEDC-4738-8806-963CC42EA409}"
EndProject
Project("{FAE04EC0-301F-11D3-BF4B-00C04F79EFBC}") = "CustomerManagementAPI.Database", "CustomerManagementAPI/CustomerManagementAPI.Database\CustomerManagementAPI.Database.csproj", "{1CDFC68B-C89F-4F2D-83F9-A9D95B03A882}"
EndProject
Project("{FAE04EC0-301F-11D3-BF4B-00C04F79EFBC}") = "CustomerManagementAPI.Nl", "CustomerManagementAPI/CustomerManagementAPI.Nl\CustomerManagementAPI.Nl.csproj", "{6EF2BBB2-DAC4-4F47-A1E5-030F190925F5}"
EndProject
Project("{FAE04EC0-301F-11D3-BF4B-00C04F79EFBC}") = "CustomerManagementAPI.Services", "CustomerManagementAPI\CustomerManagementAPI.Services\CustomerManagementAPI.Services.csproj", "{A0F62ADA-A08B-47FE-A3D8-A5BCD68E7220}"
EndProject
Project("{2150E333-8FDC-42A3-9474-1A3956D46DE8}") = "OrderManagementAPI", "OrderManagementAPI", "{41A65075-FD14-4793-9F0B-5EEB750DE250}"
EndProject
Project("{FAE04EC0-301F-11D3-BF4B-00C04F79EFBC}") = "OrderManagementAPI", "OrderManagementAPI\OrderManagementAPI.csproj", "{3A1CF5C6-49D4-4941-9841-F8BC36CAD5D3}"
EndProject
Project("{2150E333-8FDC-42A3-9474-1A3956D46DE8}") = "ProductManagementAPI", "ProductManagementAPI", "{908C8DD4-38C4-4194-8873-CDDEDBCCAC8E}"
EndProject
Project("{FAE04EC0-301F-11D3-BF4B-00C04F79EFBC}") = "ProductManagementAPI.Services", "ProductManagementAPI\ProductManagementAPI.Services\ProductManagementAPI.Services.csproj", "{2675E476-6549-4403-BED2-DDF446ED86C4}"
EndProject
Project("{FAE04EC0-301F-11D3-BF4B-00C04F79EFBC}") = "ProductManagementAPI.API", "ProductManagementAPI\ProductManagementAPI.API\ProductManagementAPI.API.csproj", "{DF677864-283C-4AF8-9E49-0E9B352919A8}"
EndProject
Project("{FAE04EC0-301F-11D3-BF4B-00C04F79EFBC}") = "ProductManagementAPI.Database", "ProductManagementAPI\ProductManagementAPI.Database\ProductManagementAPI.Database.csproj", "{0476742D-A379-44B0-9293-24941DB299C3}"
EndProject
Global
	GlobalSection(SolutionConfigurationPlatforms) = preSolution
		Debug|Any CPU = Debug|Any CPU
		Release|Any CPU = Release|Any CPU
	EndGlobalSection
	GlobalSection(NestedProjects) = preSolution
		{1CDFC68B-C89F-4F2D-83F9-A9D95B03A882} = {F9C717A0-CEDC-4738-8806-963CC42EA409}
		{6EF2BBB2-DAC4-4F47-A1E5-030F190925F5} = {F9C717A0-CEDC-4738-8806-963CC42EA409}
		{A0F62ADA-A08B-47FE-A3D8-A5BCD68E7220} = {F9C717A0-CEDC-4738-8806-963CC42EA409}
		{3A1CF5C6-49D4-4941-9841-F8BC36CAD5D3} = {41A65075-FD14-4793-9F0B-5EEB750DE250}
		{2675E476-6549-4403-BED2-DDF446ED86C4} = {908C8DD4-38C4-4194-8873-CDDEDBCCAC8E}
		{DF677864-283C-4AF8-9E49-0E9B352919A8} = {908C8DD4-38C4-4194-8873-CDDEDBCCAC8E}
		{0476742D-A379-44B0-9293-24941DB299C3} = {908C8DD4-38C4-4194-8873-CDDEDBCCAC8E}
	EndGlobalSection
	GlobalSection(ProjectConfigurationPlatforms) = postSolution
		{1CDFC68B-C89F-4F2D-83F9-A9D95B03A882}.Debug|Any CPU.ActiveCfg = Debug|Any CPU
		{1CDFC68B-C89F-4F2D-83F9-A9D95B03A882}.Debug|Any CPU.Build.0 = Debug|Any CPU
		{1CDFC68B-C89F-4F2D-83F9-A9D95B03A882}.Release|Any CPU.ActiveCfg = Release|Any CPU
		{1CDFC68B-C89F-4F2D-83F9-A9D95B03A882}.Release|Any CPU.Build.0 = Release|Any CPU
		{6EF2BBB2-DAC4-4F47-A1E5-030F190925F5}.Debug|Any CPU.ActiveCfg = Debug|Any CPU
		{6EF2BBB2-DAC4-4F47-A1E5-030F190925F5}.Debug|Any CPU.Build.0 = Debug|Any CPU
		{6EF2BBB2-DAC4-4F47-A1E5-030F190925F5}.Release|Any CPU.ActiveCfg = Release|Any CPU
		{6EF2BBB2-DAC4-4F47-A1E5-030F190925F5}.Release|Any CPU.Build.0 = Release|Any CPU
		{A0F62ADA-A08B-47FE-A3D8-A5BCD68E7220}.Debug|Any CPU.ActiveCfg = Debug|Any CPU
		{A0F62ADA-A08B-47FE-A3D8-A5BCD68E7220}.Debug|Any CPU.Build.0 = Debug|Any CPU
		{A0F62ADA-A08B-47FE-A3D8-A5BCD68E7220}.Release|Any CPU.ActiveCfg = Release|Any CPU
		{A0F62ADA-A08B-47FE-A3D8-A5BCD68E7220}.Release|Any CPU.Build.0 = Release|Any CPU
		{3A1CF5C6-49D4-4941-9841-F8BC36CAD5D3}.Debug|Any CPU.ActiveCfg = Debug|Any CPU
		{3A1CF5C6-49D4-4941-9841-F8BC36CAD5D3}.Debug|Any CPU.Build.0 = Debug|Any CPU
		{3A1CF5C6-49D4-4941-9841-F8BC36CAD5D3}.Release|Any CPU.ActiveCfg = Release|Any CPU
		{3A1CF5C6-49D4-4941-9841-F8BC36CAD5D3}.Release|Any CPU.Build.0 = Release|Any CPU
		{2675E476-6549-4403-BED2-DDF446ED86C4}.Debug|Any CPU.ActiveCfg = Debug|Any CPU
		{2675E476-6549-4403-BED2-DDF446ED86C4}.Debug|Any CPU.Build.0 = Debug|Any CPU
		{2675E476-6549-4403-BED2-DDF446ED86C4}.Release|Any CPU.ActiveCfg = Release|Any CPU
		{2675E476-6549-4403-BED2-DDF446ED86C4}.Release|Any CPU.Build.0 = Release|Any CPU
		{DF677864-283C-4AF8-9E49-0E9B352919A8}.Debug|Any CPU.ActiveCfg = Debug|Any CPU
		{DF677864-283C-4AF8-9E49-0E9B352919A8}.Debug|Any CPU.Build.0 = Debug|Any CPU
		{DF677864-283C-4AF8-9E49-0E9B352919A8}.Release|Any CPU.ActiveCfg = Release|Any CPU
		{DF677864-283C-4AF8-9E49-0E9B352919A8}.Release|Any CPU.Build.0 = Release|Any CPU
		{0476742D-A379-44B0-9293-24941DB299C3}.Debug|Any CPU.ActiveCfg = Debug|Any CPU
		{0476742D-A379-44B0-9293-24941DB299C3}.Debug|Any CPU.Build.0 = Debug|Any CPU
		{0476742D-A379-44B0-9293-24941DB299C3}.Release|Any CPU.ActiveCfg = Release|Any CPU
		{0476742D-A379-44B0-9293-24941DB299C3}.Release|Any CPU.Build.0 = Release|Any CPU
	EndGlobalSection
EndGlobal
